
Microsoft Visual Studio Solution File, Format Version 12.00
# Visual Studio Version 17
VisualStudioVersion = 17.14.36310.24 d17.14
MinimumVisualStudioVersion = 10.0.40219.1
Project("{FAE04EC0-301F-11D3-BF4B-00C04F79EFBC}") = "Day 3 stack_queue_ generic_collection", "Day 3 stack_queue_ generic_collection\Day 3 stack_queue_ generic_collection.csproj", "{1279450B-7E02-411E-A878-5239C36068EF}"
EndProject
Global
	GlobalSection(SolutionConfigurationPlatforms) = preSolution
		Debug|Any CPU = Debug|Any CPU
		Release|Any CPU = Release|Any CPU
	EndGlobalSection
	GlobalSection(ProjectConfigurationPlatforms) = postSolution
		{1279450B-7E02-411E-A878-5239C36068EF}.Debug|Any CPU.ActiveCfg = Debug|Any CPU
		{1279450B-7E02-411E-A878-5239C36068EF}.Debug|Any CPU.Build.0 = Debug|Any CPU
		{1279450B-7E02-411E-A878-5239C36068EF}.Release|Any CPU.ActiveCfg = Release|Any CPU
		{1279450B-7E02-411E-A878-5239C36068EF}.Release|Any CPU.Build.0 = Release|Any CPU
	EndGlobalSection
	GlobalSection(SolutionProperties) = preSolution
		HideSolutionNode = FALSE
	EndGlobalSection
	GlobalSection(ExtensibilityGlobals) = postSolution
		SolutionGuid = {2A21744E-C7BF-42AF-901B-908A28BD42F1}
	EndGlobalSection
EndGlobal
