
Microsoft Visual Studio Solution File, Format Version 12.00
# Visual Studio Version 17
VisualStudioVersion = 17.14.36310.24 d17.14
MinimumVisualStudioVersion = 10.0.40219.1
Project("{FAE04EC0-301F-11D3-BF4B-00C04F79EFBC}") = "Day4_Delegates", "Day4_Delegates\Day4_Delegates.csproj", "{E12435D1-5459-4A30-8C78-E29B4AAE8D83}"
EndProject
Global
	GlobalSection(SolutionConfigurationPlatforms) = preSolution
		Debug|Any CPU = Debug|Any CPU
		Release|Any CPU = Release|Any CPU
	EndGlobalSection
	GlobalSection(ProjectConfigurationPlatforms) = postSolution
		{E12435D1-5459-4A30-8C78-E29B4AAE8D83}.Debug|Any CPU.ActiveCfg = Debug|Any CPU
		{E12435D1-5459-4A30-8C78-E29B4AAE8D83}.Debug|Any CPU.Build.0 = Debug|Any CPU
		{E12435D1-5459-4A30-8C78-E29B4AAE8D83}.Release|Any CPU.ActiveCfg = Release|Any CPU
		{E12435D1-5459-4A30-8C78-E29B4AAE8D83}.Release|Any CPU.Build.0 = Release|Any CPU
	EndGlobalSection
	GlobalSection(SolutionProperties) = preSolution
		HideSolutionNode = FALSE
	EndGlobalSection
	GlobalSection(ExtensibilityGlobals) = postSolution
		SolutionGuid = {7B40ED62-4595-411F-B767-5ACCE1124BEE}
	EndGlobalSection
EndGlobal
