
Microsoft Visual Studio Solution File, Format Version 12.00
# Visual Studio Version 17
VisualStudioVersion = 17.14.36310.24 d17.14
MinimumVisualStudioVersion = 10.0.40219.1
Project("{FAE04EC0-301F-11D3-BF4B-00C04F79EFBC}") = "Day1_EmailValidation", "Day1_EmailValidation\Day1_EmailValidation.csproj", "{C4AA3C7B-A0EC-4D13-96A9-81A8ADBD1456}"
EndProject
Project("{FAE04EC0-301F-11D3-BF4B-00C04F79EFBC}") = "EmailValidation.MSTestProject", "EmailValidation.MSTestProject\EmailValidation.MSTestProject.csproj", "{437CA523-E89D-4C6F-B3EB-CDD30E310B42}"
EndProject
Project("{FAE04EC0-301F-11D3-BF4B-00C04F79EFBC}") = "EmailValidation.xUnit", "EmailValidation.xUnit\EmailValidation.xUnit.csproj", "{6540167B-C6DE-4C87-A5C1-B9AD748F51C0}"
EndProject
Global
	GlobalSection(SolutionConfigurationPlatforms) = preSolution
		Debug|Any CPU = Debug|Any CPU
		Release|Any CPU = Release|Any CPU
	EndGlobalSection
	GlobalSection(ProjectConfigurationPlatforms) = postSolution
		{C4AA3C7B-A0EC-4D13-96A9-81A8ADBD1456}.Debug|Any CPU.ActiveCfg = Debug|Any CPU
		{C4AA3C7B-A0EC-4D13-96A9-81A8ADBD1456}.Debug|Any CPU.Build.0 = Debug|Any CPU
		{C4AA3C7B-A0EC-4D13-96A9-81A8ADBD1456}.Release|Any CPU.ActiveCfg = Release|Any CPU
		{C4AA3C7B-A0EC-4D13-96A9-81A8ADBD1456}.Release|Any CPU.Build.0 = Release|Any CPU
		{437CA523-E89D-4C6F-B3EB-CDD30E310B42}.Debug|Any CPU.ActiveCfg = Debug|Any CPU
		{437CA523-E89D-4C6F-B3EB-CDD30E310B42}.Debug|Any CPU.Build.0 = Debug|Any CPU
		{437CA523-E89D-4C6F-B3EB-CDD30E310B42}.Release|Any CPU.ActiveCfg = Release|Any CPU
		{437CA523-E89D-4C6F-B3EB-CDD30E310B42}.Release|Any CPU.Build.0 = Release|Any CPU
		{6540167B-C6DE-4C87-A5C1-B9AD748F51C0}.Debug|Any CPU.ActiveCfg = Debug|Any CPU
		{6540167B-C6DE-4C87-A5C1-B9AD748F51C0}.Debug|Any CPU.Build.0 = Debug|Any CPU
		{6540167B-C6DE-4C87-A5C1-B9AD748F51C0}.Release|Any CPU.ActiveCfg = Release|Any CPU
		{6540167B-C6DE-4C87-A5C1-B9AD748F51C0}.Release|Any CPU.Build.0 = Release|Any CPU
	EndGlobalSection
	GlobalSection(SolutionProperties) = preSolution
		HideSolutionNode = FALSE
	EndGlobalSection
	GlobalSection(ExtensibilityGlobals) = postSolution
		SolutionGuid = {DA4E160C-AED5-4B2F-9BC4-8C1A7A9C4079}
	EndGlobalSection
EndGlobal
