
Microsoft Visual Studio Solution File, Format Version 12.00
# Visual Studio Version 17
VisualStudioVersion = 17.14.36310.24 d17.14
MinimumVisualStudioVersion = 10.0.40219.1
Project("{FAE04EC0-301F-11D3-BF4B-00C04F79EFBC}") = "Day4_Interfaces_Abstract_classes", "Day4_Interfaces_Abstract_classes\Day4_Interfaces_Abstract_classes.csproj", "{9B9B4D7D-A5DA-406A-B709-B9C75C2D8D1B}"
EndProject
Global
	GlobalSection(SolutionConfigurationPlatforms) = preSolution
		Debug|Any CPU = Debug|Any CPU
		Release|Any CPU = Release|Any CPU
	EndGlobalSection
	GlobalSection(ProjectConfigurationPlatforms) = postSolution
		{9B9B4D7D-A5DA-406A-B709-B9C75C2D8D1B}.Debug|Any CPU.ActiveCfg = Debug|Any CPU
		{9B9B4D7D-A5DA-406A-B709-B9C75C2D8D1B}.Debug|Any CPU.Build.0 = Debug|Any CPU
		{9B9B4D7D-A5DA-406A-B709-B9C75C2D8D1B}.Release|Any CPU.ActiveCfg = Release|Any CPU
		{9B9B4D7D-A5DA-406A-B709-B9C75C2D8D1B}.Release|Any CPU.Build.0 = Release|Any CPU
	EndGlobalSection
	GlobalSection(SolutionProperties) = preSolution
		HideSolutionNode = FALSE
	EndGlobalSection
	GlobalSection(ExtensibilityGlobals) = postSolution
		SolutionGuid = {6E8F6941-710C-45AC-BED5-581D185A0629}
	EndGlobalSection
EndGlobal
