
Microsoft Visual Studio Solution File, Format Version 12.00
# Visual Studio Version 17
VisualStudioVersion = 17.14.36310.24 d17.14
MinimumVisualStudioVersion = 10.0.40219.1
Project("{FAE04EC0-301F-11D3-BF4B-00C04F79EFBC}") = "Day3 collections", "Day3 collections\Day3 collections.csproj", "{4D80F387-3CF8-456A-B945-DB7AFCB89374}"
EndProject
Global
	GlobalSection(SolutionConfigurationPlatforms) = preSolution
		Debug|Any CPU = Debug|Any CPU
		Release|Any CPU = Release|Any CPU
	EndGlobalSection
	GlobalSection(ProjectConfigurationPlatforms) = postSolution
		{4D80F387-3CF8-456A-B945-DB7AFCB89374}.Debug|Any CPU.ActiveCfg = Debug|Any CPU
		{4D80F387-3CF8-456A-B945-DB7AFCB89374}.Debug|Any CPU.Build.0 = Debug|Any CPU
		{4D80F387-3CF8-456A-B945-DB7AFCB89374}.Release|Any CPU.ActiveCfg = Release|Any CPU
		{4D80F387-3CF8-456A-B945-DB7AFCB89374}.Release|Any CPU.Build.0 = Release|Any CPU
	EndGlobalSection
	GlobalSection(SolutionProperties) = preSolution
		HideSolutionNode = FALSE
	EndGlobalSection
	GlobalSection(ExtensibilityGlobals) = postSolution
		SolutionGuid = {D48266E0-016A-4909-9E3F-E52713AC633C}
	EndGlobalSection
EndGlobal
