
Microsoft Visual Studio Solution File, Format Version 12.00
# Visual Studio Version 17
VisualStudioVersion = 17.14.36310.24 d17.14
MinimumVisualStudioVersion = 10.0.40219.1
Project("{FAE04EC0-301F-11D3-BF4B-00C04F79EFBC}") = "day6Demo_Standard_C_Sharp_features", "day6Demo_Standard_C_Sharp_features\day6Demo_Standard_C_Sharp_features.csproj", "{D4114FF2-1A4C-4BCC-BA69-BE5D164358A2}"
EndProject
Global
	GlobalSection(SolutionConfigurationPlatforms) = preSolution
		Debug|Any CPU = Debug|Any CPU
		Release|Any CPU = Release|Any CPU
	EndGlobalSection
	GlobalSection(ProjectConfigurationPlatforms) = postSolution
		{D4114FF2-1A4C-4BCC-BA69-BE5D164358A2}.Debug|Any CPU.ActiveCfg = Debug|Any CPU
		{D4114FF2-1A4C-4BCC-BA69-BE5D164358A2}.Debug|Any CPU.Build.0 = Debug|Any CPU
		{D4114FF2-1A4C-4BCC-BA69-BE5D164358A2}.Release|Any CPU.ActiveCfg = Release|Any CPU
		{D4114FF2-1A4C-4BCC-BA69-BE5D164358A2}.Release|Any CPU.Build.0 = Release|Any CPU
	EndGlobalSection
	GlobalSection(SolutionProperties) = preSolution
		HideSolutionNode = FALSE
	EndGlobalSection
	GlobalSection(ExtensibilityGlobals) = postSolution
		SolutionGuid = {C497B951-3F00-4402-9A80-6544B60BA7F5}
	EndGlobalSection
EndGlobal
